
Microsoft Visual Studio Solution File, Format Version 12.00
# Visual Studio Version 16
VisualStudioVersion = 16.0.30611.23
MinimumVisualStudioVersion = 10.0.40219.1
Project("{FAE04EC0-301F-11D3-BF4B-00C04F79EFBC}") = "Vize_FinalHesaplama", "Vize_FinalHesaplama\Vize_FinalHesaplama.csproj", "{57A1C474-2DE9-4517-BFC3-52396B517733}"
EndProject
Global
	GlobalSection(SolutionConfigurationPlatforms) = preSolution
		Debug|Any CPU = Debug|Any CPU
		Release|Any CPU = Release|Any CPU
	EndGlobalSection
	GlobalSection(ProjectConfigurationPlatforms) = postSolution
		{57A1C474-2DE9-4517-BFC3-52396B517733}.Debug|Any CPU.ActiveCfg = Debug|Any CPU
		{57A1C474-2DE9-4517-BFC3-52396B517733}.Debug|Any CPU.Build.0 = Debug|Any CPU
		{57A1C474-2DE9-4517-BFC3-52396B517733}.Release|Any CPU.ActiveCfg = Release|Any CPU
		{57A1C474-2DE9-4517-BFC3-52396B517733}.Release|Any CPU.Build.0 = Release|Any CPU
	EndGlobalSection
	GlobalSection(SolutionProperties) = preSolution
		HideSolutionNode = FALSE
	EndGlobalSection
	GlobalSection(ExtensibilityGlobals) = postSolution
		SolutionGuid = {09E92ACB-EB23-4245-A850-9484B13BE723}
	EndGlobalSection
EndGlobal
